// !$*UTF8*$!
{
	archiveVersion = 1;
	classes = {
	};
	objectVersion = 56;
	objects = {

/* Begin PBXBuildFile section */
		9116601F2A1952A500932BD2 /* ViewInspector in Frameworks */ = {isa = PBXBuildFile; productRef = 9116601E2A1952A500932BD2 /* ViewInspector */; };
		91E3C59E2A1BE8FB0098BAFC /* CalculatorTests.swift in Sources */ = {isa = PBXBuildFile; fileRef = 91E3C59D2A1BE8FB0098BAFC /* CalculatorTests.swift */; };
		91E3C5A12A1BF40F0098BAFC /* Key.swift in Sources */ = {isa = PBXBuildFile; fileRef = 91E3C5A02A1BF40F0098BAFC /* Key.swift */; };
		91E3C5A32A1BF4280098BAFC /* Keypad.swift in Sources */ = {isa = PBXBuildFile; fileRef = 91E3C5A22A1BF4280098BAFC /* Keypad.swift */; };
		91E3C5A52A1BF69F0098BAFC /* Calculator.swift in Sources */ = {isa = PBXBuildFile; fileRef = 91E3C5A42A1BF69F0098BAFC /* Calculator.swift */; };
		91E7B6CC2A0D4428004A757A /* InchCalcApp.swift in Sources */ = {isa = PBXBuildFile; fileRef = 91E7B6CB2A0D4428004A757A /* InchCalcApp.swift */; };
		91E7B6CE2A0D4428004A757A /* ContentView.swift in Sources */ = {isa = PBXBuildFile; fileRef = 91E7B6CD2A0D4428004A757A /* ContentView.swift */; };
		91E7B6D02A0D442F004A757A /* Assets.xcassets in Resources */ = {isa = PBXBuildFile; fileRef = 91E7B6CF2A0D442F004A757A /* Assets.xcassets */; };
		91E7B6D32A0D442F004A757A /* Preview Assets.xcassets in Resources */ = {isa = PBXBuildFile; fileRef = 91E7B6D22A0D442F004A757A /* Preview Assets.xcassets */; };
		91E7B6E72A0D4430004A757A /* InchCalcUITests.swift in Sources */ = {isa = PBXBuildFile; fileRef = 91E7B6E62A0D4430004A757A /* InchCalcUITests.swift */; };
		91E7B6E92A0D4430004A757A /* InchCalcUITestsLaunchTests.swift in Sources */ = {isa = PBXBuildFile; fileRef = 91E7B6E82A0D4430004A757A /* InchCalcUITestsLaunchTests.swift */; };
		91E7B6F62A0D4E52004A757A /* InchCalc.key in Resources */ = {isa = PBXBuildFile; fileRef = 91E7B6F52A0D4E52004A757A /* InchCalc.key */; };
		91E7B6F82A0D4FC0004A757A /* _todo.txt in Resources */ = {isa = PBXBuildFile; fileRef = 91E7B6F72A0D4FC0004A757A /* _todo.txt */; };
		91E7B6FA2A0D507D004A757A /* InchCalc.png in Resources */ = {isa = PBXBuildFile; fileRef = 91E7B6F92A0D507D004A757A /* InchCalc.png */; };
		91E7B6FC2A0D5189004A757A /* README.md in Resources */ = {isa = PBXBuildFile; fileRef = 91E7B6FB2A0D5189004A757A /* README.md */; };
		91E7B6FE2A0D5230004A757A /* LICENSE in Resources */ = {isa = PBXBuildFile; fileRef = 91E7B6FD2A0D522F004A757A /* LICENSE */; };
/* End PBXBuildFile section */

/* Begin PBXContainerItemProxy section */
		91E7B6D92A0D442F004A757A /* PBXContainerItemProxy */ = {
			isa = PBXContainerItemProxy;
			containerPortal = 91E7B6C02A0D4428004A757A /* Project object */;
			proxyType = 1;
			remoteGlobalIDString = 91E7B6C72A0D4428004A757A;
			remoteInfo = InchCalc;
		};
		91E7B6E32A0D4430004A757A /* PBXContainerItemProxy */ = {
			isa = PBXContainerItemProxy;
			containerPortal = 91E7B6C02A0D4428004A757A /* Project object */;
			proxyType = 1;
			remoteGlobalIDString = 91E7B6C72A0D4428004A757A;
			remoteInfo = InchCalc;
		};
/* End PBXContainerItemProxy section */

/* Begin PBXFileReference section */
		91E3C59D2A1BE8FB0098BAFC /* CalculatorTests.swift */ = {isa = PBXFileReference; lastKnownFileType = sourcecode.swift; path = CalculatorTests.swift; sourceTree = "<group>"; };
		91E3C5A02A1BF40F0098BAFC /* Key.swift */ = {isa = PBXFileReference; lastKnownFileType = sourcecode.swift; path = Key.swift; sourceTree = "<group>"; };
		91E3C5A22A1BF4280098BAFC /* Keypad.swift */ = {isa = PBXFileReference; lastKnownFileType = sourcecode.swift; path = Keypad.swift; sourceTree = "<group>"; };
		91E3C5A42A1BF69F0098BAFC /* Calculator.swift */ = {isa = PBXFileReference; lastKnownFileType = sourcecode.swift; path = Calculator.swift; sourceTree = "<group>"; };
		91E7B6C82A0D4428004A757A /* InchCalc.app */ = {isa = PBXFileReference; explicitFileType = wrapper.application; includeInIndex = 0; path = InchCalc.app; sourceTree = BUILT_PRODUCTS_DIR; };
		91E7B6CB2A0D4428004A757A /* InchCalcApp.swift */ = {isa = PBXFileReference; lastKnownFileType = sourcecode.swift; path = InchCalcApp.swift; sourceTree = "<group>"; };
		91E7B6CD2A0D4428004A757A /* ContentView.swift */ = {isa = PBXFileReference; lastKnownFileType = sourcecode.swift; path = ContentView.swift; sourceTree = "<group>"; };
		91E7B6CF2A0D442F004A757A /* Assets.xcassets */ = {isa = PBXFileReference; lastKnownFileType = folder.assetcatalog; path = Assets.xcassets; sourceTree = "<group>"; };
		91E7B6D22A0D442F004A757A /* Preview Assets.xcassets */ = {isa = PBXFileReference; lastKnownFileType = folder.assetcatalog; path = "Preview Assets.xcassets"; sourceTree = "<group>"; };
		91E7B6D82A0D442F004A757A /* InchCalcTests.xctest */ = {isa = PBXFileReference; explicitFileType = wrapper.cfbundle; includeInIndex = 0; path = InchCalcTests.xctest; sourceTree = BUILT_PRODUCTS_DIR; };
		91E7B6E22A0D4430004A757A /* InchCalcUITests.xctest */ = {isa = PBXFileReference; explicitFileType = wrapper.cfbundle; includeInIndex = 0; path = InchCalcUITests.xctest; sourceTree = BUILT_PRODUCTS_DIR; };
		91E7B6E62A0D4430004A757A /* InchCalcUITests.swift */ = {isa = PBXFileReference; lastKnownFileType = sourcecode.swift; path = InchCalcUITests.swift; sourceTree = "<group>"; };
		91E7B6E82A0D4430004A757A /* InchCalcUITestsLaunchTests.swift */ = {isa = PBXFileReference; lastKnownFileType = sourcecode.swift; path = InchCalcUITestsLaunchTests.swift; sourceTree = "<group>"; };
		91E7B6F52A0D4E52004A757A /* InchCalc.key */ = {isa = PBXFileReference; lastKnownFileType = file; path = InchCalc.key; sourceTree = "<group>"; };
		91E7B6F72A0D4FC0004A757A /* _todo.txt */ = {isa = PBXFileReference; lastKnownFileType = text; path = _todo.txt; sourceTree = "<group>"; };
		91E7B6F92A0D507D004A757A /* InchCalc.png */ = {isa = PBXFileReference; lastKnownFileType = image.png; path = InchCalc.png; sourceTree = "<group>"; };
		91E7B6FB2A0D5189004A757A /* README.md */ = {isa = PBXFileReference; fileEncoding = 4; lastKnownFileType = net.daringfireball.markdown; path = README.md; sourceTree = "<group>"; };
		91E7B6FD2A0D522F004A757A /* LICENSE */ = {isa = PBXFileReference; fileEncoding = 4; lastKnownFileType = text; path = LICENSE; sourceTree = "<group>"; };
/* End PBXFileReference section */

/* Begin PBXFrameworksBuildPhase section */
		91E7B6C52A0D4428004A757A /* Frameworks */ = {
			isa = PBXFrameworksBuildPhase;
			buildActionMask = 2147483647;
			files = (
			);
			runOnlyForDeploymentPostprocessing = 0;
		};
		91E7B6D52A0D442F004A757A /* Frameworks */ = {
			isa = PBXFrameworksBuildPhase;
			buildActionMask = 2147483647;
			files = (
				9116601F2A1952A500932BD2 /* ViewInspector in Frameworks */,
			);
			runOnlyForDeploymentPostprocessing = 0;
		};
		91E7B6DF2A0D4430004A757A /* Frameworks */ = {
			isa = PBXFrameworksBuildPhase;
			buildActionMask = 2147483647;
			files = (
			);
			runOnlyForDeploymentPostprocessing = 0;
		};
/* End PBXFrameworksBuildPhase section */

/* Begin PBXGroup section */
		91E3C59B2A1BE86D0098BAFC /* View */ = {
			isa = PBXGroup;
			children = (
				91E7B6CD2A0D4428004A757A /* ContentView.swift */,
			);
			path = View;
			sourceTree = "<group>";
		};
		91E3C59C2A1BE8B40098BAFC /* View */ = {
			isa = PBXGroup;
			children = (
				91E3C59D2A1BE8FB0098BAFC /* CalculatorTests.swift */,
			);
			path = View;
			sourceTree = "<group>";
		};
		91E3C59F2A1BF4030098BAFC /* Domain */ = {
			isa = PBXGroup;
			children = (
				91E3C5A02A1BF40F0098BAFC /* Key.swift */,
				91E3C5A22A1BF4280098BAFC /* Keypad.swift */,
				91E3C5A42A1BF69F0098BAFC /* Calculator.swift */,
			);
			path = Domain;
			sourceTree = "<group>";
		};
		91E7B6BF2A0D4428004A757A = {
			isa = PBXGroup;
			children = (
				91E7B6F72A0D4FC0004A757A /* _todo.txt */,
				91E7B6FB2A0D5189004A757A /* README.md */,
				91E7B6FD2A0D522F004A757A /* LICENSE */,
				91E7B6F92A0D507D004A757A /* InchCalc.png */,
				91E7B6F52A0D4E52004A757A /* InchCalc.key */,
				91E7B6CA2A0D4428004A757A /* InchCalc */,
				91E7B6DB2A0D4430004A757A /* InchCalcTests */,
				91E7B6E52A0D4430004A757A /* InchCalcUITests */,
				91E7B6C92A0D4428004A757A /* Products */,
			);
			sourceTree = "<group>";
		};
		91E7B6C92A0D4428004A757A /* Products */ = {
			isa = PBXGroup;
			children = (
				91E7B6C82A0D4428004A757A /* InchCalc.app */,
				91E7B6D82A0D442F004A757A /* InchCalcTests.xctest */,
				91E7B6E22A0D4430004A757A /* InchCalcUITests.xctest */,
			);
			name = Products;
			sourceTree = "<group>";
		};
		91E7B6CA2A0D4428004A757A /* InchCalc */ = {
			isa = PBXGroup;
			children = (
				91E3C59F2A1BF4030098BAFC /* Domain */,
				91E3C59B2A1BE86D0098BAFC /* View */,
				91E7B6CB2A0D4428004A757A /* InchCalcApp.swift */,
				91E7B6CF2A0D442F004A757A /* Assets.xcassets */,
				91E7B6D12A0D442F004A757A /* Preview Content */,
			);
			path = InchCalc;
			sourceTree = "<group>";
		};
		91E7B6D12A0D442F004A757A /* Preview Content */ = {
			isa = PBXGroup;
			children = (
				91E7B6D22A0D442F004A757A /* Preview Assets.xcassets */,
			);
			path = "Preview Content";
			sourceTree = "<group>";
		};
		91E7B6DB2A0D4430004A757A /* InchCalcTests */ = {
			isa = PBXGroup;
			children = (
				91E3C59C2A1BE8B40098BAFC /* View */,
			);
			path = InchCalcTests;
			sourceTree = "<group>";
		};
		91E7B6E52A0D4430004A757A /* InchCalcUITests */ = {
			isa = PBXGroup;
			children = (
				91E7B6E62A0D4430004A757A /* InchCalcUITests.swift */,
				91E7B6E82A0D4430004A757A /* InchCalcUITestsLaunchTests.swift */,
			);
			path = InchCalcUITests;
			sourceTree = "<group>";
		};
/* End PBXGroup section */

/* Begin PBXNativeTarget section */
		91E7B6C72A0D4428004A757A /* InchCalc */ = {
			isa = PBXNativeTarget;
			buildConfigurationList = 91E7B6EC2A0D4430004A757A /* Build configuration list for PBXNativeTarget "InchCalc" */;
			buildPhases = (
				91E7B6C42A0D4428004A757A /* Sources */,
				91E7B6C52A0D4428004A757A /* Frameworks */,
				91E7B6C62A0D4428004A757A /* Resources */,
			);
			buildRules = (
			);
			dependencies = (
			);
			name = InchCalc;
			productName = InchCalc;
			productReference = 91E7B6C82A0D4428004A757A /* InchCalc.app */;
			productType = "com.apple.product-type.application";
		};
		91E7B6D72A0D442F004A757A /* InchCalcTests */ = {
			isa = PBXNativeTarget;
			buildConfigurationList = 91E7B6EF2A0D4430004A757A /* Build configuration list for PBXNativeTarget "InchCalcTests" */;
			buildPhases = (
				91E7B6D42A0D442F004A757A /* Sources */,
				91E7B6D52A0D442F004A757A /* Frameworks */,
				91E7B6D62A0D442F004A757A /* Resources */,
			);
			buildRules = (
			);
			dependencies = (
				91E7B6DA2A0D442F004A757A /* PBXTargetDependency */,
			);
			name = InchCalcTests;
			packageProductDependencies = (
				9116601E2A1952A500932BD2 /* ViewInspector */,
			);
			productName = InchCalcTests;
			productReference = 91E7B6D82A0D442F004A757A /* InchCalcTests.xctest */;
			productType = "com.apple.product-type.bundle.unit-test";
		};
		91E7B6E12A0D4430004A757A /* InchCalcUITests */ = {
			isa = PBXNativeTarget;
			buildConfigurationList = 91E7B6F22A0D4430004A757A /* Build configuration list for PBXNativeTarget "InchCalcUITests" */;
			buildPhases = (
				91E7B6DE2A0D4430004A757A /* Sources */,
				91E7B6DF2A0D4430004A757A /* Frameworks */,
				91E7B6E02A0D4430004A757A /* Resources */,
			);
			buildRules = (
			);
			dependencies = (
				91E7B6E42A0D4430004A757A /* PBXTargetDependency */,
			);
			name = InchCalcUITests;
			productName = InchCalcUITests;
			productReference = 91E7B6E22A0D4430004A757A /* InchCalcUITests.xctest */;
			productType = "com.apple.product-type.bundle.ui-testing";
		};
/* End PBXNativeTarget section */

/* Begin PBXProject section */
		91E7B6C02A0D4428004A757A /* Project object */ = {
			isa = PBXProject;
			attributes = {
				BuildIndependentTargetsInParallel = 1;
				LastSwiftUpdateCheck = 1430;
				LastUpgradeCheck = 1430;
				TargetAttributes = {
					91E7B6C72A0D4428004A757A = {
						CreatedOnToolsVersion = 14.3;
					};
					91E7B6D72A0D442F004A757A = {
						CreatedOnToolsVersion = 14.3;
						TestTargetID = 91E7B6C72A0D4428004A757A;
					};
					91E7B6E12A0D4430004A757A = {
						CreatedOnToolsVersion = 14.3;
						TestTargetID = 91E7B6C72A0D4428004A757A;
					};
				};
			};
			buildConfigurationList = 91E7B6C32A0D4428004A757A /* Build configuration list for PBXProject "InchCalc" */;
			compatibilityVersion = "Xcode 14.0";
			developmentRegion = en;
			hasScannedForEncodings = 0;
			knownRegions = (
				en,
				Base,
			);
			mainGroup = 91E7B6BF2A0D4428004A757A;
			packageReferences = (
				9116601D2A1952A500932BD2 /* XCRemoteSwiftPackageReference "ViewInspector" */,
			);
			productRefGroup = 91E7B6C92A0D4428004A757A /* Products */;
			projectDirPath = "";
			projectRoot = "";
			targets = (
				91E7B6C72A0D4428004A757A /* InchCalc */,
				91E7B6D72A0D442F004A757A /* InchCalcTests */,
				91E7B6E12A0D4430004A757A /* InchCalcUITests */,
			);
		};
/* End PBXProject section */

/* Begin PBXResourcesBuildPhase section */
		91E7B6C62A0D4428004A757A /* Resources */ = {
			isa = PBXResourcesBuildPhase;
			buildActionMask = 2147483647;
			files = (
				91E7B6FC2A0D5189004A757A /* README.md in Resources */,
				91E7B6FA2A0D507D004A757A /* InchCalc.png in Resources */,
				91E7B6F82A0D4FC0004A757A /* _todo.txt in Resources */,
				91E7B6FE2A0D5230004A757A /* LICENSE in Resources */,
				91E7B6D32A0D442F004A757A /* Preview Assets.xcassets in Resources */,
				91E7B6F62A0D4E52004A757A /* InchCalc.key in Resources */,
				91E7B6D02A0D442F004A757A /* Assets.xcassets in Resources */,
			);
			runOnlyForDeploymentPostprocessing = 0;
		};
		91E7B6D62A0D442F004A757A /* Resources */ = {
			isa = PBXResourcesBuildPhase;
			buildActionMask = 2147483647;
			files = (
			);
			runOnlyForDeploymentPostprocessing = 0;
		};
		91E7B6E02A0D4430004A757A /* Resources */ = {
			isa = PBXResourcesBuildPhase;
			buildActionMask = 2147483647;
			files = (
			);
			runOnlyForDeploymentPostprocessing = 0;
		};
/* End PBXResourcesBuildPhase section */

/* Begin PBXSourcesBuildPhase section */
		91E7B6C42A0D4428004A757A /* Sources */ = {
			isa = PBXSourcesBuildPhase;
			buildActionMask = 2147483647;
			files = (
				91E7B6CE2A0D4428004A757A /* ContentView.swift in Sources */,
				91E3C5A32A1BF4280098BAFC /* Keypad.swift in Sources */,
				91E7B6CC2A0D4428004A757A /* InchCalcApp.swift in Sources */,
				91E3C5A52A1BF69F0098BAFC /* Calculator.swift in Sources */,
				91E3C5A12A1BF40F0098BAFC /* Key.swift in Sources */,
			);
			runOnlyForDeploymentPostprocessing = 0;
		};
		91E7B6D42A0D442F004A757A /* Sources */ = {
			isa = PBXSourcesBuildPhase;
			buildActionMask = 2147483647;
			files = (
				91E3C59E2A1BE8FB0098BAFC /* CalculatorTests.swift in Sources */,
			);
			runOnlyForDeploymentPostprocessing = 0;
		};
		91E7B6DE2A0D4430004A757A /* Sources */ = {
			isa = PBXSourcesBuildPhase;
			buildActionMask = 2147483647;
			files = (
				91E7B6E92A0D4430004A757A /* InchCalcUITestsLaunchTests.swift in Sources */,
				91E7B6E72A0D4430004A757A /* InchCalcUITests.swift in Sources */,
			);
			runOnlyForDeploymentPostprocessing = 0;
		};
/* End PBXSourcesBuildPhase section */

/* Begin PBXTargetDependency section */
		91E7B6DA2A0D442F004A757A /* PBXTargetDependency */ = {
			isa = PBXTargetDependency;
			target = 91E7B6C72A0D4428004A757A /* InchCalc */;
			targetProxy = 91E7B6D92A0D442F004A757A /* PBXContainerItemProxy */;
		};
		91E7B6E42A0D4430004A757A /* PBXTargetDependency */ = {
			isa = PBXTargetDependency;
			target = 91E7B6C72A0D4428004A757A /* InchCalc */;
			targetProxy = 91E7B6E32A0D4430004A757A /* PBXContainerItemProxy */;
		};
/* End PBXTargetDependency section */

/* Begin XCBuildConfiguration section */
		91E7B6EA2A0D4430004A757A /* Debug */ = {
			isa = XCBuildConfiguration;
			buildSettings = {
				ALWAYS_SEARCH_USER_PATHS = NO;
				CLANG_ANALYZER_NONNULL = YES;
				CLANG_ANALYZER_NUMBER_OBJECT_CONVERSION = YES_AGGRESSIVE;
				CLANG_CXX_LANGUAGE_STANDARD = "gnu++20";
				CLANG_ENABLE_MODULES = YES;
				CLANG_ENABLE_OBJC_ARC = YES;
				CLANG_ENABLE_OBJC_WEAK = YES;
				CLANG_WARN_BLOCK_CAPTURE_AUTORELEASING = YES;
				CLANG_WARN_BOOL_CONVERSION = YES;
				CLANG_WARN_COMMA = YES;
				CLANG_WARN_CONSTANT_CONVERSION = YES;
				CLANG_WARN_DEPRECATED_OBJC_IMPLEMENTATIONS = YES;
				CLANG_WARN_DIRECT_OBJC_ISA_USAGE = YES_ERROR;
				CLANG_WARN_DOCUMENTATION_COMMENTS = YES;
				CLANG_WARN_EMPTY_BODY = YES;
				CLANG_WARN_ENUM_CONVERSION = YES;
				CLANG_WARN_INFINITE_RECURSION = YES;
				CLANG_WARN_INT_CONVERSION = YES;
				CLANG_WARN_NON_LITERAL_NULL_CONVERSION = YES;
				CLANG_WARN_OBJC_IMPLICIT_RETAIN_SELF = YES;
				CLANG_WARN_OBJC_LITERAL_CONVERSION = YES;
				CLANG_WARN_OBJC_ROOT_CLASS = YES_ERROR;
				CLANG_WARN_QUOTED_INCLUDE_IN_FRAMEWORK_HEADER = YES;
				CLANG_WARN_RANGE_LOOP_ANALYSIS = YES;
				CLANG_WARN_STRICT_PROTOTYPES = YES;
				CLANG_WARN_SUSPICIOUS_MOVE = YES;
				CLANG_WARN_UNGUARDED_AVAILABILITY = YES_AGGRESSIVE;
				CLANG_WARN_UNREACHABLE_CODE = YES;
				CLANG_WARN__DUPLICATE_METHOD_MATCH = YES;
				COPY_PHASE_STRIP = NO;
				DEBUG_INFORMATION_FORMAT = dwarf;
				ENABLE_STRICT_OBJC_MSGSEND = YES;
				ENABLE_TESTABILITY = YES;
				GCC_C_LANGUAGE_STANDARD = gnu11;
				GCC_DYNAMIC_NO_PIC = NO;
				GCC_NO_COMMON_BLOCKS = YES;
				GCC_OPTIMIZATION_LEVEL = 0;
				GCC_PREPROCESSOR_DEFINITIONS = (
					"DEBUG=1",
					"$(inherited)",
				);
				GCC_WARN_64_TO_32_BIT_CONVERSION = YES;
				GCC_WARN_ABOUT_RETURN_TYPE = YES_ERROR;
				GCC_WARN_UNDECLARED_SELECTOR = YES;
				GCC_WARN_UNINITIALIZED_AUTOS = YES_AGGRESSIVE;
				GCC_WARN_UNUSED_FUNCTION = YES;
				GCC_WARN_UNUSED_VARIABLE = YES;
				IPHONEOS_DEPLOYMENT_TARGET = 16.4;
				MTL_ENABLE_DEBUG_INFO = INCLUDE_SOURCE;
				MTL_FAST_MATH = YES;
				ONLY_ACTIVE_ARCH = YES;
				SDKROOT = iphoneos;
				SWIFT_ACTIVE_COMPILATION_CONDITIONS = DEBUG;
				SWIFT_OPTIMIZATION_LEVEL = "-Onone";
			};
			name = Debug;
		};
		91E7B6EB2A0D4430004A757A /* Release */ = {
			isa = XCBuildConfiguration;
			buildSettings = {
				ALWAYS_SEARCH_USER_PATHS = NO;
				CLANG_ANALYZER_NONNULL = YES;
				CLANG_ANALYZER_NUMBER_OBJECT_CONVERSION = YES_AGGRESSIVE;
				CLANG_CXX_LANGUAGE_STANDARD = "gnu++20";
				CLANG_ENABLE_MODULES = YES;
				CLANG_ENABLE_OBJC_ARC = YES;
				CLANG_ENABLE_OBJC_WEAK = YES;
				CLANG_WARN_BLOCK_CAPTURE_AUTORELEASING = YES;
				CLANG_WARN_BOOL_CONVERSION = YES;
				CLANG_WARN_COMMA = YES;
				CLANG_WARN_CONSTANT_CONVERSION = YES;
				CLANG_WARN_DEPRECATED_OBJC_IMPLEMENTATIONS = YES;
				CLANG_WARN_DIRECT_OBJC_ISA_USAGE = YES_ERROR;
				CLANG_WARN_DOCUMENTATION_COMMENTS = YES;
				CLANG_WARN_EMPTY_BODY = YES;
				CLANG_WARN_ENUM_CONVERSION = YES;
				CLANG_WARN_INFINITE_RECURSION = YES;
				CLANG_WARN_INT_CONVERSION = YES;
				CLANG_WARN_NON_LITERAL_NULL_CONVERSION = YES;
				CLANG_WARN_OBJC_IMPLICIT_RETAIN_SELF = YES;
				CLANG_WARN_OBJC_LITERAL_CONVERSION = YES;
				CLANG_WARN_OBJC_ROOT_CLASS = YES_ERROR;
				CLANG_WARN_QUOTED_INCLUDE_IN_FRAMEWORK_HEADER = YES;
				CLANG_WARN_RANGE_LOOP_ANALYSIS = YES;
				CLANG_WARN_STRICT_PROTOTYPES = YES;
				CLANG_WARN_SUSPICIOUS_MOVE = YES;
				CLANG_WARN_UNGUARDED_AVAILABILITY = YES_AGGRESSIVE;
				CLANG_WARN_UNREACHABLE_CODE = YES;
				CLANG_WARN__DUPLICATE_METHOD_MATCH = YES;
				COPY_PHASE_STRIP = NO;
				DEBUG_INFORMATION_FORMAT = "dwarf-with-dsym";
				ENABLE_NS_ASSERTIONS = NO;
				ENABLE_STRICT_OBJC_MSGSEND = YES;
				GCC_C_LANGUAGE_STANDARD = gnu11;
				GCC_NO_COMMON_BLOCKS = YES;
				GCC_WARN_64_TO_32_BIT_CONVERSION = YES;
				GCC_WARN_ABOUT_RETURN_TYPE = YES_ERROR;
				GCC_WARN_UNDECLARED_SELECTOR = YES;
				GCC_WARN_UNINITIALIZED_AUTOS = YES_AGGRESSIVE;
				GCC_WARN_UNUSED_FUNCTION = YES;
				GCC_WARN_UNUSED_VARIABLE = YES;
				IPHONEOS_DEPLOYMENT_TARGET = 16.4;
				MTL_ENABLE_DEBUG_INFO = NO;
				MTL_FAST_MATH = YES;
				SDKROOT = iphoneos;
				SWIFT_COMPILATION_MODE = wholemodule;
				SWIFT_OPTIMIZATION_LEVEL = "-O";
				VALIDATE_PRODUCT = YES;
			};
			name = Release;
		};
		91E7B6ED2A0D4430004A757A /* Debug */ = {
			isa = XCBuildConfiguration;
			buildSettings = {
				ASSETCATALOG_COMPILER_APPICON_NAME = AppIcon;
				ASSETCATALOG_COMPILER_GLOBAL_ACCENT_COLOR_NAME = AccentColor;
				CODE_SIGN_STYLE = Automatic;
				CURRENT_PROJECT_VERSION = 1;
				DEVELOPMENT_ASSET_PATHS = "\"InchCalc/Preview Content\"";
				DEVELOPMENT_TEAM = 7B9VB3YTHK;
				ENABLE_PREVIEWS = YES;
				GENERATE_INFOPLIST_FILE = YES;
				INFOPLIST_KEY_UIApplicationSceneManifest_Generation = YES;
				INFOPLIST_KEY_UIApplicationSupportsIndirectInputEvents = YES;
				INFOPLIST_KEY_UILaunchScreen_Generation = YES;
				INFOPLIST_KEY_UISupportedInterfaceOrientations_iPad = "UIInterfaceOrientationPortrait UIInterfaceOrientationPortraitUpsideDown UIInterfaceOrientationLandscapeLeft UIInterfaceOrientationLandscapeRight";
				INFOPLIST_KEY_UISupportedInterfaceOrientations_iPhone = "UIInterfaceOrientationPortrait UIInterfaceOrientationLandscapeLeft UIInterfaceOrientationLandscapeRight";
				LD_RUNPATH_SEARCH_PATHS = (
					"$(inherited)",
					"@executable_path/Frameworks",
				);
				MARKETING_VERSION = 1.0;
				PRODUCT_BUNDLE_IDENTIFIER = com.xp123.InchCalc;
				PRODUCT_NAME = "$(TARGET_NAME)";
				SWIFT_EMIT_LOC_STRINGS = YES;
				SWIFT_VERSION = 5.0;
				TARGETED_DEVICE_FAMILY = "1,2";
			};
			name = Debug;
		};
		91E7B6EE2A0D4430004A757A /* Release */ = {
			isa = XCBuildConfiguration;
			buildSettings = {
				ASSETCATALOG_COMPILER_APPICON_NAME = AppIcon;
				ASSETCATALOG_COMPILER_GLOBAL_ACCENT_COLOR_NAME = AccentColor;
				CODE_SIGN_STYLE = Automatic;
				CURRENT_PROJECT_VERSION = 1;
				DEVELOPMENT_ASSET_PATHS = "\"InchCalc/Preview Content\"";
				DEVELOPMENT_TEAM = 7B9VB3YTHK;
				ENABLE_PREVIEWS = YES;
				GENERATE_INFOPLIST_FILE = YES;
				INFOPLIST_KEY_UIApplicationSceneManifest_Generation = YES;
				INFOPLIST_KEY_UIApplicationSupportsIndirectInputEvents = YES;
				INFOPLIST_KEY_UILaunchScreen_Generation = YES;
				INFOPLIST_KEY_UISupportedInterfaceOrientations_iPad = "UIInterfaceOrientationPortrait UIInterfaceOrientationPortraitUpsideDown UIInterfaceOrientationLandscapeLeft UIInterfaceOrientationLandscapeRight";
				INFOPLIST_KEY_UISupportedInterfaceOrientations_iPhone = "UIInterfaceOrientationPortrait UIInterfaceOrientationLandscapeLeft UIInterfaceOrientationLandscapeRight";
				LD_RUNPATH_SEARCH_PATHS = (
					"$(inherited)",
					"@executable_path/Frameworks",
				);
				MARKETING_VERSION = 1.0;
				PRODUCT_BUNDLE_IDENTIFIER = com.xp123.InchCalc;
				PRODUCT_NAME = "$(TARGET_NAME)";
				SWIFT_EMIT_LOC_STRINGS = YES;
				SWIFT_VERSION = 5.0;
				TARGETED_DEVICE_FAMILY = "1,2";
			};
			name = Release;
		};
		91E7B6F02A0D4430004A757A /* Debug */ = {
			isa = XCBuildConfiguration;
			buildSettings = {
				ALWAYS_EMBED_SWIFT_STANDARD_LIBRARIES = YES;
				BUNDLE_LOADER = "$(TEST_HOST)";
				CODE_SIGN_STYLE = Automatic;
				CURRENT_PROJECT_VERSION = 1;
				DEVELOPMENT_TEAM = 7B9VB3YTHK;
				GENERATE_INFOPLIST_FILE = YES;
				IPHONEOS_DEPLOYMENT_TARGET = 16.4;
				MARKETING_VERSION = 1.0;
				PRODUCT_BUNDLE_IDENTIFIER = com.xp123.InchCalcTests;
				PRODUCT_NAME = "$(TARGET_NAME)";
				SWIFT_EMIT_LOC_STRINGS = NO;
				SWIFT_VERSION = 5.0;
				TARGETED_DEVICE_FAMILY = "1,2";
				TEST_HOST = "$(BUILT_PRODUCTS_DIR)/InchCalc.app/$(BUNDLE_EXECUTABLE_FOLDER_PATH)/InchCalc";
			};
			name = Debug;
		};
		91E7B6F12A0D4430004A757A /* Release */ = {
			isa = XCBuildConfiguration;
			buildSettings = {
				ALWAYS_EMBED_SWIFT_STANDARD_LIBRARIES = YES;
				BUNDLE_LOADER = "$(TEST_HOST)";
				CODE_SIGN_STYLE = Automatic;
				CURRENT_PROJECT_VERSION = 1;
				DEVELOPMENT_TEAM = 7B9VB3YTHK;
				GENERATE_INFOPLIST_FILE = YES;
				IPHONEOS_DEPLOYMENT_TARGET = 16.4;
				MARKETING_VERSION = 1.0;
				PRODUCT_BUNDLE_IDENTIFIER = com.xp123.InchCalcTests;
				PRODUCT_NAME = "$(TARGET_NAME)";
				SWIFT_EMIT_LOC_STRINGS = NO;
				SWIFT_VERSION = 5.0;
				TARGETED_DEVICE_FAMILY = "1,2";
				TEST_HOST = "$(BUILT_PRODUCTS_DIR)/InchCalc.app/$(BUNDLE_EXECUTABLE_FOLDER_PATH)/InchCalc";
			};
			name = Release;
		};
		91E7B6F32A0D4430004A757A /* Debug */ = {
			isa = XCBuildConfiguration;
			buildSettings = {
				ALWAYS_EMBED_SWIFT_STANDARD_LIBRARIES = YES;
				CODE_SIGN_STYLE = Automatic;
				CURRENT_PROJECT_VERSION = 1;
				DEVELOPMENT_TEAM = 7B9VB3YTHK;
				GENERATE_INFOPLIST_FILE = YES;
				MARKETING_VERSION = 1.0;
				PRODUCT_BUNDLE_IDENTIFIER = com.xp123.InchCalcUITests;
				PRODUCT_NAME = "$(TARGET_NAME)";
				SWIFT_EMIT_LOC_STRINGS = NO;
				SWIFT_VERSION = 5.0;
				TARGETED_DEVICE_FAMILY = "1,2";
				TEST_TARGET_NAME = InchCalc;
			};
			name = Debug;
		};
		91E7B6F42A0D4430004A757A /* Release */ = {
			isa = XCBuildConfiguration;
			buildSettings = {
				ALWAYS_EMBED_SWIFT_STANDARD_LIBRARIES = YES;
				CODE_SIGN_STYLE = Automatic;
				CURRENT_PROJECT_VERSION = 1;
				DEVELOPMENT_TEAM = 7B9VB3YTHK;
				GENERATE_INFOPLIST_FILE = YES;
				MARKETING_VERSION = 1.0;
				PRODUCT_BUNDLE_IDENTIFIER = com.xp123.InchCalcUITests;
				PRODUCT_NAME = "$(TARGET_NAME)";
				SWIFT_EMIT_LOC_STRINGS = NO;
				SWIFT_VERSION = 5.0;
				TARGETED_DEVICE_FAMILY = "1,2";
				TEST_TARGET_NAME = InchCalc;
			};
			name = Release;
		};
/* End XCBuildConfiguration section */

/* Begin XCConfigurationList section */
		91E7B6C32A0D4428004A757A /* Build configuration list for PBXProject "InchCalc" */ = {
			isa = XCConfigurationList;
			buildConfigurations = (
				91E7B6EA2A0D4430004A757A /* Debug */,
				91E7B6EB2A0D4430004A757A /* Release */,
			);
			defaultConfigurationIsVisible = 0;
			defaultConfigurationName = Release;
		};
		91E7B6EC2A0D4430004A757A /* Build configuration list for PBXNativeTarget "InchCalc" */ = {
			isa = XCConfigurationList;
			buildConfigurations = (
				91E7B6ED2A0D4430004A757A /* Debug */,
				91E7B6EE2A0D4430004A757A /* Release */,
			);
			defaultConfigurationIsVisible = 0;
			defaultConfigurationName = Release;
		};
		91E7B6EF2A0D4430004A757A /* Build configuration list for PBXNativeTarget "InchCalcTests" */ = {
			isa = XCConfigurationList;
			buildConfigurations = (
				91E7B6F02A0D4430004A757A /* Debug */,
				91E7B6F12A0D4430004A757A /* Release */,
			);
			defaultConfigurationIsVisible = 0;
			defaultConfigurationName = Release;
		};
		91E7B6F22A0D4430004A757A /* Build configuration list for PBXNativeTarget "InchCalcUITests" */ = {
			isa = XCConfigurationList;
			buildConfigurations = (
				91E7B6F32A0D4430004A757A /* Debug */,
				91E7B6F42A0D4430004A757A /* Release */,
			);
			defaultConfigurationIsVisible = 0;
			defaultConfigurationName = Release;
		};
/* End XCConfigurationList section */

/* Begin XCRemoteSwiftPackageReference section */
		9116601D2A1952A500932BD2 /* XCRemoteSwiftPackageReference "ViewInspector" */ = {
			isa = XCRemoteSwiftPackageReference;
			repositoryURL = "https://github.com/nalexn/ViewInspector";
			requirement = {
				kind = upToNextMajorVersion;
				minimumVersion = 0.9.6;
			};
		};
/* End XCRemoteSwiftPackageReference section */

/* Begin XCSwiftPackageProductDependency section */
		9116601E2A1952A500932BD2 /* ViewInspector */ = {
			isa = XCSwiftPackageProductDependency;
			package = 9116601D2A1952A500932BD2 /* XCRemoteSwiftPackageReference "ViewInspector" */;
			productName = ViewInspector;
		};
/* End XCSwiftPackageProductDependency section */
	};
	rootObject = 91E7B6C02A0D4428004A757A /* Project object */;
}
