{
  "originHash" : "bf769ee8de699dbba1f59512bd132a24221ec56d4bf5a6943fa477f46aeb9e0a",
  "pins" : [
    {
      "identity" : "egtest",
      "kind" : "remoteSourceControl",
      "location" : "https://github.com/wwake/EGTest.git",
      "state" : {
        "revision" : "91017bd7a9e4beb6a78d96c73f1f83e1e0d5ead4",
        "version" : "0.5.0"
      }
    }
  ],
  "version" : 3
}
