{
  "pins" : [
    {
      "identity" : "egtest",
      "kind" : "remoteSourceControl",
      "location" : "https://github.com/wwake/EGTest.git",
      "state" : {
        "revision" : "62afc9076a1f6e85c90f0cf9d82be2aed93b5e7b",
        "version" : "0.3.1"
      }
    },
    {
      "identity" : "viewinspector",
      "kind" : "remoteSourceControl",
      "location" : "https://github.com/nalexn/ViewInspector",
      "state" : {
        "revision" : "e42529aa0b6ff57393ab52540f6006f3a709ee00",
        "version" : "0.9.6"
      }
    }
  ],
  "version" : 2
}
