// !$*UTF8*$!
{
	archiveVersion = 1;
	classes = {
	};
	objectVersion = 56;
	objects = {

/* Begin PBXBuildFile section */
		9116601F2A1952A500932BD2 /* ViewInspector in Frameworks */ = {isa = PBXBuildFile; productRef = 9116601E2A1952A500932BD2 /* ViewInspector */; };
		916AF6602A252460009484DA /* ImperialUnit.swift in Sources */ = {isa = PBXBuildFile; fileRef = 916AF65F2A252460009484DA /* ImperialUnit.swift */; };
		916AF6632A267528009484DA /* Stack.swift in Sources */ = {isa = PBXBuildFile; fileRef = 916AF6622A267528009484DA /* Stack.swift */; };
		916AF6652A267B8F009484DA /* Operator.swift in Sources */ = {isa = PBXBuildFile; fileRef = 916AF6642A267B8F009484DA /* Operator.swift */; };
		918628C92A2E6FF000FA781D /* Entry.swift in Sources */ = {isa = PBXBuildFile; fileRef = 918628C82A2E6FF000FA781D /* Entry.swift */; };
		918628CB2A2FC4D600FA781D /* ValueFormatterTests.swift in Sources */ = {isa = PBXBuildFile; fileRef = 918628CA2A2FC4D600FA781D /* ValueFormatterTests.swift */; };
		918628CD2A2FC57300FA781D /* ValueFormatter.swift in Sources */ = {isa = PBXBuildFile; fileRef = 918628CC2A2FC57300FA781D /* ValueFormatter.swift */; };
		9190F7AD2A292CA60008E40A /* Expression.swift in Sources */ = {isa = PBXBuildFile; fileRef = 9190F7AC2A292CA60008E40A /* Expression.swift */; };
		9190F7AF2A29331F0008E40A /* InputBuffer.swift in Sources */ = {isa = PBXBuildFile; fileRef = 9190F7AE2A29331F0008E40A /* InputBuffer.swift */; };
		91E3C59E2A1BE8FB0098BAFC /* CalculatorTests.swift in Sources */ = {isa = PBXBuildFile; fileRef = 91E3C59D2A1BE8FB0098BAFC /* CalculatorTests.swift */; };
		91E3C5A12A1BF40F0098BAFC /* Key.swift in Sources */ = {isa = PBXBuildFile; fileRef = 91E3C5A02A1BF40F0098BAFC /* Key.swift */; };
		91E3C5A32A1BF4280098BAFC /* Keypad.swift in Sources */ = {isa = PBXBuildFile; fileRef = 91E3C5A22A1BF4280098BAFC /* Keypad.swift */; };
		91E3C5A52A1BF69F0098BAFC /* Calculator.swift in Sources */ = {isa = PBXBuildFile; fileRef = 91E3C5A42A1BF69F0098BAFC /* Calculator.swift */; };
		91E3C5A92A1C668D0098BAFC /* .swiftlint.yml in Resources */ = {isa = PBXBuildFile; fileRef = 91E3C5A82A1C668D0098BAFC /* .swiftlint.yml */; };
		91E3C5AD2A1D39A30098BAFC /* EGTests+extensions.swift in Sources */ = {isa = PBXBuildFile; fileRef = 91E3C5AC2A1D39A30098BAFC /* EGTests+extensions.swift */; };
		91E3C5B02A1D48D40098BAFC /* EGTest in Frameworks */ = {isa = PBXBuildFile; productRef = 91E3C5AF2A1D48D40098BAFC /* EGTest */; };
		91E3C5B32A1EAAD10098BAFC /* Value.swift in Sources */ = {isa = PBXBuildFile; fileRef = 91E3C5B22A1EAAD10098BAFC /* Value.swift */; };
		91E3C5B52A1EAB4A0098BAFC /* ValueTests.swift in Sources */ = {isa = PBXBuildFile; fileRef = 91E3C5B42A1EAB4A0098BAFC /* ValueTests.swift */; };
		91E3C5B72A1FE18D0098BAFC /* ImperialFormatter.swift in Sources */ = {isa = PBXBuildFile; fileRef = 91E3C5B62A1FE18D0098BAFC /* ImperialFormatter.swift */; };
		91E3C5B92A1FE1F20098BAFC /* ImperialFormatterTests.swift in Sources */ = {isa = PBXBuildFile; fileRef = 91E3C5B82A1FE1F20098BAFC /* ImperialFormatterTests.swift */; };
		91E7B6CC2A0D4428004A757A /* KiltCalcApp.swift in Sources */ = {isa = PBXBuildFile; fileRef = 91E7B6CB2A0D4428004A757A /* KiltCalcApp.swift */; };
		91E7B6CE2A0D4428004A757A /* ContentView.swift in Sources */ = {isa = PBXBuildFile; fileRef = 91E7B6CD2A0D4428004A757A /* ContentView.swift */; };
		91E7B6D02A0D442F004A757A /* Assets.xcassets in Resources */ = {isa = PBXBuildFile; fileRef = 91E7B6CF2A0D442F004A757A /* Assets.xcassets */; };
		91E7B6D32A0D442F004A757A /* Preview Assets.xcassets in Resources */ = {isa = PBXBuildFile; fileRef = 91E7B6D22A0D442F004A757A /* Preview Assets.xcassets */; };
		91E7B6F62A0D4E52004A757A /* KiltCalc.key in Resources */ = {isa = PBXBuildFile; fileRef = 91E7B6F52A0D4E52004A757A /* KiltCalc.key */; };
		91E7B6F82A0D4FC0004A757A /* _todo.txt in Resources */ = {isa = PBXBuildFile; fileRef = 91E7B6F72A0D4FC0004A757A /* _todo.txt */; };
		91E7B6FA2A0D507D004A757A /* KiltCalc.png in Resources */ = {isa = PBXBuildFile; fileRef = 91E7B6F92A0D507D004A757A /* KiltCalc.png */; };
		91E7B6FC2A0D5189004A757A /* README.md in Resources */ = {isa = PBXBuildFile; fileRef = 91E7B6FB2A0D5189004A757A /* README.md */; };
		91E7B6FE2A0D5230004A757A /* LICENSE in Resources */ = {isa = PBXBuildFile; fileRef = 91E7B6FD2A0D522F004A757A /* LICENSE */; };
/* End PBXBuildFile section */

/* Begin PBXContainerItemProxy section */
		91E7B6D92A0D442F004A757A /* PBXContainerItemProxy */ = {
			isa = PBXContainerItemProxy;
			containerPortal = 91E7B6C02A0D4428004A757A /* Project object */;
			proxyType = 1;
			remoteGlobalIDString = 91E7B6C72A0D4428004A757A;
			remoteInfo = InchCalc;
		};
/* End PBXContainerItemProxy section */

/* Begin PBXFileReference section */
		916AF65F2A252460009484DA /* ImperialUnit.swift */ = {isa = PBXFileReference; lastKnownFileType = sourcecode.swift; path = ImperialUnit.swift; sourceTree = "<group>"; };
		916AF6622A267528009484DA /* Stack.swift */ = {isa = PBXFileReference; lastKnownFileType = sourcecode.swift; path = Stack.swift; sourceTree = "<group>"; };
		916AF6642A267B8F009484DA /* Operator.swift */ = {isa = PBXFileReference; lastKnownFileType = sourcecode.swift; path = Operator.swift; sourceTree = "<group>"; };
		918628C82A2E6FF000FA781D /* Entry.swift */ = {isa = PBXFileReference; lastKnownFileType = sourcecode.swift; path = Entry.swift; sourceTree = "<group>"; };
		918628CA2A2FC4D600FA781D /* ValueFormatterTests.swift */ = {isa = PBXFileReference; lastKnownFileType = sourcecode.swift; path = ValueFormatterTests.swift; sourceTree = "<group>"; };
		918628CC2A2FC57300FA781D /* ValueFormatter.swift */ = {isa = PBXFileReference; lastKnownFileType = sourcecode.swift; path = ValueFormatter.swift; sourceTree = "<group>"; };
		9190F7AC2A292CA60008E40A /* Expression.swift */ = {isa = PBXFileReference; lastKnownFileType = sourcecode.swift; path = Expression.swift; sourceTree = "<group>"; };
		9190F7AE2A29331F0008E40A /* InputBuffer.swift */ = {isa = PBXFileReference; lastKnownFileType = sourcecode.swift; path = InputBuffer.swift; sourceTree = "<group>"; };
		91E3C59D2A1BE8FB0098BAFC /* CalculatorTests.swift */ = {isa = PBXFileReference; lastKnownFileType = sourcecode.swift; path = CalculatorTests.swift; sourceTree = "<group>"; };
		91E3C5A02A1BF40F0098BAFC /* Key.swift */ = {isa = PBXFileReference; lastKnownFileType = sourcecode.swift; path = Key.swift; sourceTree = "<group>"; };
		91E3C5A22A1BF4280098BAFC /* Keypad.swift */ = {isa = PBXFileReference; lastKnownFileType = sourcecode.swift; path = Keypad.swift; sourceTree = "<group>"; };
		91E3C5A42A1BF69F0098BAFC /* Calculator.swift */ = {isa = PBXFileReference; lastKnownFileType = sourcecode.swift; path = Calculator.swift; sourceTree = "<group>"; };
		91E3C5A82A1C668D0098BAFC /* .swiftlint.yml */ = {isa = PBXFileReference; lastKnownFileType = text.yaml; path = .swiftlint.yml; sourceTree = "<group>"; };
		91E3C5AC2A1D39A30098BAFC /* EGTests+extensions.swift */ = {isa = PBXFileReference; lastKnownFileType = sourcecode.swift; path = "EGTests+extensions.swift"; sourceTree = "<group>"; };
		91E3C5B12A1E8ACF0098BAFC /* KiltCalc.xctestplan */ = {isa = PBXFileReference; lastKnownFileType = text; path = KiltCalc.xctestplan; sourceTree = "<group>"; };
		91E3C5B22A1EAAD10098BAFC /* Value.swift */ = {isa = PBXFileReference; lastKnownFileType = sourcecode.swift; path = Value.swift; sourceTree = "<group>"; };
		91E3C5B42A1EAB4A0098BAFC /* ValueTests.swift */ = {isa = PBXFileReference; lastKnownFileType = sourcecode.swift; path = ValueTests.swift; sourceTree = "<group>"; };
		91E3C5B62A1FE18D0098BAFC /* ImperialFormatter.swift */ = {isa = PBXFileReference; lastKnownFileType = sourcecode.swift; path = ImperialFormatter.swift; sourceTree = "<group>"; };
		91E3C5B82A1FE1F20098BAFC /* ImperialFormatterTests.swift */ = {isa = PBXFileReference; lastKnownFileType = sourcecode.swift; path = ImperialFormatterTests.swift; sourceTree = "<group>"; };
		91E7B6C82A0D4428004A757A /* KiltCalc.app */ = {isa = PBXFileReference; explicitFileType = wrapper.application; includeInIndex = 0; path = KiltCalc.app; sourceTree = BUILT_PRODUCTS_DIR; };
		91E7B6CB2A0D4428004A757A /* KiltCalcApp.swift */ = {isa = PBXFileReference; lastKnownFileType = sourcecode.swift; path = KiltCalcApp.swift; sourceTree = "<group>"; };
		91E7B6CD2A0D4428004A757A /* ContentView.swift */ = {isa = PBXFileReference; lastKnownFileType = sourcecode.swift; path = ContentView.swift; sourceTree = "<group>"; };
		91E7B6CF2A0D442F004A757A /* Assets.xcassets */ = {isa = PBXFileReference; lastKnownFileType = folder.assetcatalog; path = Assets.xcassets; sourceTree = "<group>"; };
		91E7B6D22A0D442F004A757A /* Preview Assets.xcassets */ = {isa = PBXFileReference; lastKnownFileType = folder.assetcatalog; path = "Preview Assets.xcassets"; sourceTree = "<group>"; };
		91E7B6D82A0D442F004A757A /* KiltCalcTests.xctest */ = {isa = PBXFileReference; explicitFileType = wrapper.cfbundle; includeInIndex = 0; path = KiltCalcTests.xctest; sourceTree = BUILT_PRODUCTS_DIR; };
		91E7B6F52A0D4E52004A757A /* KiltCalc.key */ = {isa = PBXFileReference; lastKnownFileType = file; path = KiltCalc.key; sourceTree = "<group>"; };
		91E7B6F72A0D4FC0004A757A /* _todo.txt */ = {isa = PBXFileReference; lastKnownFileType = text; path = _todo.txt; sourceTree = "<group>"; };
		91E7B6F92A0D507D004A757A /* KiltCalc.png */ = {isa = PBXFileReference; lastKnownFileType = image.png; path = KiltCalc.png; sourceTree = "<group>"; };
		91E7B6FB2A0D5189004A757A /* README.md */ = {isa = PBXFileReference; fileEncoding = 4; lastKnownFileType = net.daringfireball.markdown; path = README.md; sourceTree = "<group>"; };
		91E7B6FD2A0D522F004A757A /* LICENSE */ = {isa = PBXFileReference; fileEncoding = 4; lastKnownFileType = text; path = LICENSE; sourceTree = "<group>"; };
/* End PBXFileReference section */

/* Begin PBXFrameworksBuildPhase section */
		91E7B6C52A0D4428004A757A /* Frameworks */ = {
			isa = PBXFrameworksBuildPhase;
			buildActionMask = 2147483647;
			files = (
			);
			runOnlyForDeploymentPostprocessing = 0;
		};
		91E7B6D52A0D442F004A757A /* Frameworks */ = {
			isa = PBXFrameworksBuildPhase;
			buildActionMask = 2147483647;
			files = (
				91E3C5B02A1D48D40098BAFC /* EGTest in Frameworks */,
				9116601F2A1952A500932BD2 /* ViewInspector in Frameworks */,
			);
			runOnlyForDeploymentPostprocessing = 0;
		};
/* End PBXFrameworksBuildPhase section */

/* Begin PBXGroup section */
		916AF6612A267517009484DA /* Utility */ = {
			isa = PBXGroup;
			children = (
				916AF6622A267528009484DA /* Stack.swift */,
				9190F7AE2A29331F0008E40A /* InputBuffer.swift */,
			);
			path = Utility;
			sourceTree = "<group>";
		};
		91E3C59B2A1BE86D0098BAFC /* View */ = {
			isa = PBXGroup;
			children = (
				91E7B6CD2A0D4428004A757A /* ContentView.swift */,
			);
			path = View;
			sourceTree = "<group>";
		};
		91E3C59C2A1BE8B40098BAFC /* View */ = {
			isa = PBXGroup;
			children = (
				91E3C5AC2A1D39A30098BAFC /* EGTests+extensions.swift */,
			);
			path = View;
			sourceTree = "<group>";
		};
		91E3C59F2A1BF4030098BAFC /* Domain */ = {
			isa = PBXGroup;
			children = (
				91E3C5A02A1BF40F0098BAFC /* Key.swift */,
				91E3C5A22A1BF4280098BAFC /* Keypad.swift */,
				91E3C5A42A1BF69F0098BAFC /* Calculator.swift */,
				91E3C5B22A1EAAD10098BAFC /* Value.swift */,
				91E3C5B62A1FE18D0098BAFC /* ImperialFormatter.swift */,
				916AF65F2A252460009484DA /* ImperialUnit.swift */,
				916AF6642A267B8F009484DA /* Operator.swift */,
				9190F7AC2A292CA60008E40A /* Expression.swift */,
				918628C82A2E6FF000FA781D /* Entry.swift */,
				918628CC2A2FC57300FA781D /* ValueFormatter.swift */,
			);
			path = Domain;
			sourceTree = "<group>";
		};
		91E3C5AB2A1D39550098BAFC /* Model */ = {
			isa = PBXGroup;
			children = (
				91E3C59D2A1BE8FB0098BAFC /* CalculatorTests.swift */,
				91E3C5B42A1EAB4A0098BAFC /* ValueTests.swift */,
				91E3C5B82A1FE1F20098BAFC /* ImperialFormatterTests.swift */,
				918628CA2A2FC4D600FA781D /* ValueFormatterTests.swift */,
			);
			path = Model;
			sourceTree = "<group>";
		};
		91E7B6BF2A0D4428004A757A = {
			isa = PBXGroup;
			children = (
				91E7B6F72A0D4FC0004A757A /* _todo.txt */,
				91E3C5B12A1E8ACF0098BAFC /* KiltCalc.xctestplan */,
				91E3C5A82A1C668D0098BAFC /* .swiftlint.yml */,
				91E7B6FB2A0D5189004A757A /* README.md */,
				91E7B6FD2A0D522F004A757A /* LICENSE */,
				91E7B6F92A0D507D004A757A /* KiltCalc.png */,
				91E7B6F52A0D4E52004A757A /* KiltCalc.key */,
				91E7B6CA2A0D4428004A757A /* KiltCalc */,
				91E7B6DB2A0D4430004A757A /* KiltCalcTests */,
				91E7B6C92A0D4428004A757A /* Products */,
			);
			sourceTree = "<group>";
		};
		91E7B6C92A0D4428004A757A /* Products */ = {
			isa = PBXGroup;
			children = (
				91E7B6C82A0D4428004A757A /* KiltCalc.app */,
				91E7B6D82A0D442F004A757A /* KiltCalcTests.xctest */,
			);
			name = Products;
			sourceTree = "<group>";
		};
		91E7B6CA2A0D4428004A757A /* KiltCalc */ = {
			isa = PBXGroup;
			children = (
				916AF6612A267517009484DA /* Utility */,
				91E3C59F2A1BF4030098BAFC /* Domain */,
				91E3C59B2A1BE86D0098BAFC /* View */,
				91E7B6CB2A0D4428004A757A /* KiltCalcApp.swift */,
				91E7B6CF2A0D442F004A757A /* Assets.xcassets */,
				91E7B6D12A0D442F004A757A /* Preview Content */,
			);
			path = KiltCalc;
			sourceTree = "<group>";
		};
		91E7B6D12A0D442F004A757A /* Preview Content */ = {
			isa = PBXGroup;
			children = (
				91E7B6D22A0D442F004A757A /* Preview Assets.xcassets */,
			);
			path = "Preview Content";
			sourceTree = "<group>";
		};
		91E7B6DB2A0D4430004A757A /* KiltCalcTests */ = {
			isa = PBXGroup;
			children = (
				91E3C5AB2A1D39550098BAFC /* Model */,
				91E3C59C2A1BE8B40098BAFC /* View */,
			);
			path = KiltCalcTests;
			sourceTree = "<group>";
		};
/* End PBXGroup section */

/* Begin PBXNativeTarget section */
		91E7B6C72A0D4428004A757A /* KiltCalc */ = {
			isa = PBXNativeTarget;
			buildConfigurationList = 91E7B6EC2A0D4430004A757A /* Build configuration list for PBXNativeTarget "KiltCalc" */;
			buildPhases = (
				91E7B6C42A0D4428004A757A /* Sources */,
				91E7B6C52A0D4428004A757A /* Frameworks */,
				91E7B6C62A0D4428004A757A /* Resources */,
				91E3C5AA2A1C677A0098BAFC /* ShellScript */,
			);
			buildRules = (
			);
			dependencies = (
			);
			name = KiltCalc;
			productName = InchCalc;
			productReference = 91E7B6C82A0D4428004A757A /* KiltCalc.app */;
			productType = "com.apple.product-type.application";
		};
		91E7B6D72A0D442F004A757A /* KiltCalcTests */ = {
			isa = PBXNativeTarget;
			buildConfigurationList = 91E7B6EF2A0D4430004A757A /* Build configuration list for PBXNativeTarget "KiltCalcTests" */;
			buildPhases = (
				91E7B6D42A0D442F004A757A /* Sources */,
				91E7B6D52A0D442F004A757A /* Frameworks */,
				91E7B6D62A0D442F004A757A /* Resources */,
			);
			buildRules = (
			);
			dependencies = (
				91E7B6DA2A0D442F004A757A /* PBXTargetDependency */,
			);
			name = KiltCalcTests;
			packageProductDependencies = (
				9116601E2A1952A500932BD2 /* ViewInspector */,
				91E3C5AF2A1D48D40098BAFC /* EGTest */,
			);
			productName = InchCalcTests;
			productReference = 91E7B6D82A0D442F004A757A /* KiltCalcTests.xctest */;
			productType = "com.apple.product-type.bundle.unit-test";
		};
/* End PBXNativeTarget section */

/* Begin PBXProject section */
		91E7B6C02A0D4428004A757A /* Project object */ = {
			isa = PBXProject;
			attributes = {
				BuildIndependentTargetsInParallel = 1;
				LastSwiftUpdateCheck = 1430;
				LastUpgradeCheck = 1430;
				TargetAttributes = {
					91E7B6C72A0D4428004A757A = {
						CreatedOnToolsVersion = 14.3;
					};
					91E7B6D72A0D442F004A757A = {
						CreatedOnToolsVersion = 14.3;
						TestTargetID = 91E7B6C72A0D4428004A757A;
					};
				};
			};
			buildConfigurationList = 91E7B6C32A0D4428004A757A /* Build configuration list for PBXProject "KiltCalc" */;
			compatibilityVersion = "Xcode 14.0";
			developmentRegion = en;
			hasScannedForEncodings = 0;
			knownRegions = (
				en,
				Base,
			);
			mainGroup = 91E7B6BF2A0D4428004A757A;
			packageReferences = (
				9116601D2A1952A500932BD2 /* XCRemoteSwiftPackageReference "ViewInspector" */,
				91E3C5AE2A1D48D40098BAFC /* XCRemoteSwiftPackageReference "EGTest" */,
			);
			productRefGroup = 91E7B6C92A0D4428004A757A /* Products */;
			projectDirPath = "";
			projectRoot = "";
			targets = (
				91E7B6C72A0D4428004A757A /* KiltCalc */,
				91E7B6D72A0D442F004A757A /* KiltCalcTests */,
			);
		};
/* End PBXProject section */

/* Begin PBXResourcesBuildPhase section */
		91E7B6C62A0D4428004A757A /* Resources */ = {
			isa = PBXResourcesBuildPhase;
			buildActionMask = 2147483647;
			files = (
				91E3C5A92A1C668D0098BAFC /* .swiftlint.yml in Resources */,
				91E7B6FC2A0D5189004A757A /* README.md in Resources */,
				91E7B6FA2A0D507D004A757A /* KiltCalc.png in Resources */,
				91E7B6F82A0D4FC0004A757A /* _todo.txt in Resources */,
				91E7B6FE2A0D5230004A757A /* LICENSE in Resources */,
				91E7B6D32A0D442F004A757A /* Preview Assets.xcassets in Resources */,
				91E7B6F62A0D4E52004A757A /* KiltCalc.key in Resources */,
				91E7B6D02A0D442F004A757A /* Assets.xcassets in Resources */,
			);
			runOnlyForDeploymentPostprocessing = 0;
		};
		91E7B6D62A0D442F004A757A /* Resources */ = {
			isa = PBXResourcesBuildPhase;
			buildActionMask = 2147483647;
			files = (
			);
			runOnlyForDeploymentPostprocessing = 0;
		};
/* End PBXResourcesBuildPhase section */

/* Begin PBXShellScriptBuildPhase section */
		91E3C5AA2A1C677A0098BAFC /* ShellScript */ = {
			isa = PBXShellScriptBuildPhase;
			alwaysOutOfDate = 1;
			buildActionMask = 2147483647;
			files = (
			);
			inputFileListPaths = (
			);
			inputPaths = (
			);
			outputFileListPaths = (
			);
			outputPaths = (
			);
			runOnlyForDeploymentPostprocessing = 0;
			shellPath = /bin/sh;
			shellScript = "if which swiftlint >>/dev/null; then\n  swiftlint\nelse\n  echo \"warning: swiftlint not installed\"\nfi\n";
		};
/* End PBXShellScriptBuildPhase section */

/* Begin PBXSourcesBuildPhase section */
		91E7B6C42A0D4428004A757A /* Sources */ = {
			isa = PBXSourcesBuildPhase;
			buildActionMask = 2147483647;
			files = (
				91E7B6CE2A0D4428004A757A /* ContentView.swift in Sources */,
				916AF6632A267528009484DA /* Stack.swift in Sources */,
				918628C92A2E6FF000FA781D /* Entry.swift in Sources */,
				91E3C5A32A1BF4280098BAFC /* Keypad.swift in Sources */,
				91E7B6CC2A0D4428004A757A /* KiltCalcApp.swift in Sources */,
				91E3C5B72A1FE18D0098BAFC /* ImperialFormatter.swift in Sources */,
				9190F7AD2A292CA60008E40A /* Expression.swift in Sources */,
				916AF6602A252460009484DA /* ImperialUnit.swift in Sources */,
				91E3C5A52A1BF69F0098BAFC /* Calculator.swift in Sources */,
				916AF6652A267B8F009484DA /* Operator.swift in Sources */,
				91E3C5A12A1BF40F0098BAFC /* Key.swift in Sources */,
				9190F7AF2A29331F0008E40A /* InputBuffer.swift in Sources */,
				918628CD2A2FC57300FA781D /* ValueFormatter.swift in Sources */,
				91E3C5B32A1EAAD10098BAFC /* Value.swift in Sources */,
			);
			runOnlyForDeploymentPostprocessing = 0;
		};
		91E7B6D42A0D442F004A757A /* Sources */ = {
			isa = PBXSourcesBuildPhase;
			buildActionMask = 2147483647;
			files = (
				91E3C5AD2A1D39A30098BAFC /* EGTests+extensions.swift in Sources */,
				91E3C5B92A1FE1F20098BAFC /* ImperialFormatterTests.swift in Sources */,
				91E3C59E2A1BE8FB0098BAFC /* CalculatorTests.swift in Sources */,
				91E3C5B52A1EAB4A0098BAFC /* ValueTests.swift in Sources */,
				918628CB2A2FC4D600FA781D /* ValueFormatterTests.swift in Sources */,
			);
			runOnlyForDeploymentPostprocessing = 0;
		};
/* End PBXSourcesBuildPhase section */

/* Begin PBXTargetDependency section */
		91E7B6DA2A0D442F004A757A /* PBXTargetDependency */ = {
			isa = PBXTargetDependency;
			target = 91E7B6C72A0D4428004A757A /* KiltCalc */;
			targetProxy = 91E7B6D92A0D442F004A757A /* PBXContainerItemProxy */;
		};
/* End PBXTargetDependency section */

/* Begin XCBuildConfiguration section */
		91E7B6EA2A0D4430004A757A /* Debug */ = {
			isa = XCBuildConfiguration;
			buildSettings = {
				ALWAYS_SEARCH_USER_PATHS = NO;
				CLANG_ANALYZER_NONNULL = YES;
				CLANG_ANALYZER_NUMBER_OBJECT_CONVERSION = YES_AGGRESSIVE;
				CLANG_CXX_LANGUAGE_STANDARD = "gnu++20";
				CLANG_ENABLE_MODULES = YES;
				CLANG_ENABLE_OBJC_ARC = YES;
				CLANG_ENABLE_OBJC_WEAK = YES;
				CLANG_WARN_BLOCK_CAPTURE_AUTORELEASING = YES;
				CLANG_WARN_BOOL_CONVERSION = YES;
				CLANG_WARN_COMMA = YES;
				CLANG_WARN_CONSTANT_CONVERSION = YES;
				CLANG_WARN_DEPRECATED_OBJC_IMPLEMENTATIONS = YES;
				CLANG_WARN_DIRECT_OBJC_ISA_USAGE = YES_ERROR;
				CLANG_WARN_DOCUMENTATION_COMMENTS = YES;
				CLANG_WARN_EMPTY_BODY = YES;
				CLANG_WARN_ENUM_CONVERSION = YES;
				CLANG_WARN_INFINITE_RECURSION = YES;
				CLANG_WARN_INT_CONVERSION = YES;
				CLANG_WARN_NON_LITERAL_NULL_CONVERSION = YES;
				CLANG_WARN_OBJC_IMPLICIT_RETAIN_SELF = YES;
				CLANG_WARN_OBJC_LITERAL_CONVERSION = YES;
				CLANG_WARN_OBJC_ROOT_CLASS = YES_ERROR;
				CLANG_WARN_QUOTED_INCLUDE_IN_FRAMEWORK_HEADER = YES;
				CLANG_WARN_RANGE_LOOP_ANALYSIS = YES;
				CLANG_WARN_STRICT_PROTOTYPES = YES;
				CLANG_WARN_SUSPICIOUS_MOVE = YES;
				CLANG_WARN_UNGUARDED_AVAILABILITY = YES_AGGRESSIVE;
				CLANG_WARN_UNREACHABLE_CODE = YES;
				CLANG_WARN__DUPLICATE_METHOD_MATCH = YES;
				COPY_PHASE_STRIP = NO;
				DEBUG_INFORMATION_FORMAT = dwarf;
				ENABLE_STRICT_OBJC_MSGSEND = YES;
				ENABLE_TESTABILITY = YES;
				GCC_C_LANGUAGE_STANDARD = gnu11;
				GCC_DYNAMIC_NO_PIC = NO;
				GCC_NO_COMMON_BLOCKS = YES;
				GCC_OPTIMIZATION_LEVEL = 0;
				GCC_PREPROCESSOR_DEFINITIONS = (
					"DEBUG=1",
					"$(inherited)",
				);
				GCC_WARN_64_TO_32_BIT_CONVERSION = YES;
				GCC_WARN_ABOUT_RETURN_TYPE = YES_ERROR;
				GCC_WARN_UNDECLARED_SELECTOR = YES;
				GCC_WARN_UNINITIALIZED_AUTOS = YES_AGGRESSIVE;
				GCC_WARN_UNUSED_FUNCTION = YES;
				GCC_WARN_UNUSED_VARIABLE = YES;
				IPHONEOS_DEPLOYMENT_TARGET = 16.4;
				MTL_ENABLE_DEBUG_INFO = INCLUDE_SOURCE;
				MTL_FAST_MATH = YES;
				ONLY_ACTIVE_ARCH = YES;
				SDKROOT = iphoneos;
				SWIFT_ACTIVE_COMPILATION_CONDITIONS = DEBUG;
				SWIFT_OPTIMIZATION_LEVEL = "-Onone";
			};
			name = Debug;
		};
		91E7B6EB2A0D4430004A757A /* Release */ = {
			isa = XCBuildConfiguration;
			buildSettings = {
				ALWAYS_SEARCH_USER_PATHS = NO;
				CLANG_ANALYZER_NONNULL = YES;
				CLANG_ANALYZER_NUMBER_OBJECT_CONVERSION = YES_AGGRESSIVE;
				CLANG_CXX_LANGUAGE_STANDARD = "gnu++20";
				CLANG_ENABLE_MODULES = YES;
				CLANG_ENABLE_OBJC_ARC = YES;
				CLANG_ENABLE_OBJC_WEAK = YES;
				CLANG_WARN_BLOCK_CAPTURE_AUTORELEASING = YES;
				CLANG_WARN_BOOL_CONVERSION = YES;
				CLANG_WARN_COMMA = YES;
				CLANG_WARN_CONSTANT_CONVERSION = YES;
				CLANG_WARN_DEPRECATED_OBJC_IMPLEMENTATIONS = YES;
				CLANG_WARN_DIRECT_OBJC_ISA_USAGE = YES_ERROR;
				CLANG_WARN_DOCUMENTATION_COMMENTS = YES;
				CLANG_WARN_EMPTY_BODY = YES;
				CLANG_WARN_ENUM_CONVERSION = YES;
				CLANG_WARN_INFINITE_RECURSION = YES;
				CLANG_WARN_INT_CONVERSION = YES;
				CLANG_WARN_NON_LITERAL_NULL_CONVERSION = YES;
				CLANG_WARN_OBJC_IMPLICIT_RETAIN_SELF = YES;
				CLANG_WARN_OBJC_LITERAL_CONVERSION = YES;
				CLANG_WARN_OBJC_ROOT_CLASS = YES_ERROR;
				CLANG_WARN_QUOTED_INCLUDE_IN_FRAMEWORK_HEADER = YES;
				CLANG_WARN_RANGE_LOOP_ANALYSIS = YES;
				CLANG_WARN_STRICT_PROTOTYPES = YES;
				CLANG_WARN_SUSPICIOUS_MOVE = YES;
				CLANG_WARN_UNGUARDED_AVAILABILITY = YES_AGGRESSIVE;
				CLANG_WARN_UNREACHABLE_CODE = YES;
				CLANG_WARN__DUPLICATE_METHOD_MATCH = YES;
				COPY_PHASE_STRIP = NO;
				DEBUG_INFORMATION_FORMAT = "dwarf-with-dsym";
				ENABLE_NS_ASSERTIONS = NO;
				ENABLE_STRICT_OBJC_MSGSEND = YES;
				GCC_C_LANGUAGE_STANDARD = gnu11;
				GCC_NO_COMMON_BLOCKS = YES;
				GCC_WARN_64_TO_32_BIT_CONVERSION = YES;
				GCC_WARN_ABOUT_RETURN_TYPE = YES_ERROR;
				GCC_WARN_UNDECLARED_SELECTOR = YES;
				GCC_WARN_UNINITIALIZED_AUTOS = YES_AGGRESSIVE;
				GCC_WARN_UNUSED_FUNCTION = YES;
				GCC_WARN_UNUSED_VARIABLE = YES;
				IPHONEOS_DEPLOYMENT_TARGET = 16.4;
				MTL_ENABLE_DEBUG_INFO = NO;
				MTL_FAST_MATH = YES;
				SDKROOT = iphoneos;
				SWIFT_COMPILATION_MODE = wholemodule;
				SWIFT_OPTIMIZATION_LEVEL = "-O";
				VALIDATE_PRODUCT = YES;
			};
			name = Release;
		};
		91E7B6ED2A0D4430004A757A /* Debug */ = {
			isa = XCBuildConfiguration;
			buildSettings = {
				ASSETCATALOG_COMPILER_APPICON_NAME = AppIcon;
				ASSETCATALOG_COMPILER_GLOBAL_ACCENT_COLOR_NAME = AccentColor;
				CODE_SIGN_STYLE = Automatic;
				CURRENT_PROJECT_VERSION = 1;
				DEVELOPMENT_ASSET_PATHS = "\"KiltCalc/Preview Content\"";
				DEVELOPMENT_TEAM = 7B9VB3YTHK;
				ENABLE_PREVIEWS = YES;
				GENERATE_INFOPLIST_FILE = YES;
				INFOPLIST_KEY_UIApplicationSceneManifest_Generation = YES;
				INFOPLIST_KEY_UIApplicationSupportsIndirectInputEvents = YES;
				INFOPLIST_KEY_UILaunchScreen_Generation = YES;
				INFOPLIST_KEY_UISupportedInterfaceOrientations_iPad = "UIInterfaceOrientationPortrait UIInterfaceOrientationPortraitUpsideDown UIInterfaceOrientationLandscapeLeft UIInterfaceOrientationLandscapeRight";
				INFOPLIST_KEY_UISupportedInterfaceOrientations_iPhone = "UIInterfaceOrientationPortrait UIInterfaceOrientationLandscapeLeft UIInterfaceOrientationLandscapeRight";
				LD_RUNPATH_SEARCH_PATHS = (
					"$(inherited)",
					"@executable_path/Frameworks",
				);
				MARKETING_VERSION = 1.0;
				PRODUCT_BUNDLE_IDENTIFIER = com.xp123.KiltCalc;
				PRODUCT_NAME = "$(TARGET_NAME)";
				SWIFT_EMIT_LOC_STRINGS = YES;
				SWIFT_VERSION = 5.0;
				TARGETED_DEVICE_FAMILY = "1,2";
			};
			name = Debug;
		};
		91E7B6EE2A0D4430004A757A /* Release */ = {
			isa = XCBuildConfiguration;
			buildSettings = {
				ASSETCATALOG_COMPILER_APPICON_NAME = AppIcon;
				ASSETCATALOG_COMPILER_GLOBAL_ACCENT_COLOR_NAME = AccentColor;
				CODE_SIGN_STYLE = Automatic;
				CURRENT_PROJECT_VERSION = 1;
				DEVELOPMENT_ASSET_PATHS = "\"KiltCalc/Preview Content\"";
				DEVELOPMENT_TEAM = 7B9VB3YTHK;
				ENABLE_PREVIEWS = YES;
				GENERATE_INFOPLIST_FILE = YES;
				INFOPLIST_KEY_UIApplicationSceneManifest_Generation = YES;
				INFOPLIST_KEY_UIApplicationSupportsIndirectInputEvents = YES;
				INFOPLIST_KEY_UILaunchScreen_Generation = YES;
				INFOPLIST_KEY_UISupportedInterfaceOrientations_iPad = "UIInterfaceOrientationPortrait UIInterfaceOrientationPortraitUpsideDown UIInterfaceOrientationLandscapeLeft UIInterfaceOrientationLandscapeRight";
				INFOPLIST_KEY_UISupportedInterfaceOrientations_iPhone = "UIInterfaceOrientationPortrait UIInterfaceOrientationLandscapeLeft UIInterfaceOrientationLandscapeRight";
				LD_RUNPATH_SEARCH_PATHS = (
					"$(inherited)",
					"@executable_path/Frameworks",
				);
				MARKETING_VERSION = 1.0;
				PRODUCT_BUNDLE_IDENTIFIER = com.xp123.KiltCalc;
				PRODUCT_NAME = "$(TARGET_NAME)";
				SWIFT_EMIT_LOC_STRINGS = YES;
				SWIFT_VERSION = 5.0;
				TARGETED_DEVICE_FAMILY = "1,2";
			};
			name = Release;
		};
		91E7B6F02A0D4430004A757A /* Debug */ = {
			isa = XCBuildConfiguration;
			buildSettings = {
				ALWAYS_EMBED_SWIFT_STANDARD_LIBRARIES = YES;
				BUNDLE_LOADER = "$(TEST_HOST)";
				CODE_SIGN_STYLE = Automatic;
				CURRENT_PROJECT_VERSION = 1;
				DEVELOPMENT_TEAM = 7B9VB3YTHK;
				GENERATE_INFOPLIST_FILE = YES;
				IPHONEOS_DEPLOYMENT_TARGET = 16.4;
				MARKETING_VERSION = 1.0;
				PRODUCT_BUNDLE_IDENTIFIER = com.xp123.KiltCalcTests;
				PRODUCT_NAME = "$(TARGET_NAME)";
				SWIFT_EMIT_LOC_STRINGS = NO;
				SWIFT_VERSION = 5.0;
				TARGETED_DEVICE_FAMILY = "1,2";
				TEST_HOST = "$(BUILT_PRODUCTS_DIR)/KiltCalc.app/$(BUNDLE_EXECUTABLE_FOLDER_PATH)/KiltCalc";
			};
			name = Debug;
		};
		91E7B6F12A0D4430004A757A /* Release */ = {
			isa = XCBuildConfiguration;
			buildSettings = {
				ALWAYS_EMBED_SWIFT_STANDARD_LIBRARIES = YES;
				BUNDLE_LOADER = "$(TEST_HOST)";
				CODE_SIGN_STYLE = Automatic;
				CURRENT_PROJECT_VERSION = 1;
				DEVELOPMENT_TEAM = 7B9VB3YTHK;
				GENERATE_INFOPLIST_FILE = YES;
				IPHONEOS_DEPLOYMENT_TARGET = 16.4;
				MARKETING_VERSION = 1.0;
				PRODUCT_BUNDLE_IDENTIFIER = com.xp123.KiltCalcTests;
				PRODUCT_NAME = "$(TARGET_NAME)";
				SWIFT_EMIT_LOC_STRINGS = NO;
				SWIFT_VERSION = 5.0;
				TARGETED_DEVICE_FAMILY = "1,2";
				TEST_HOST = "$(BUILT_PRODUCTS_DIR)/KiltCalc.app/$(BUNDLE_EXECUTABLE_FOLDER_PATH)/KiltCalc";
			};
			name = Release;
		};
/* End XCBuildConfiguration section */

/* Begin XCConfigurationList section */
		91E7B6C32A0D4428004A757A /* Build configuration list for PBXProject "KiltCalc" */ = {
			isa = XCConfigurationList;
			buildConfigurations = (
				91E7B6EA2A0D4430004A757A /* Debug */,
				91E7B6EB2A0D4430004A757A /* Release */,
			);
			defaultConfigurationIsVisible = 0;
			defaultConfigurationName = Release;
		};
		91E7B6EC2A0D4430004A757A /* Build configuration list for PBXNativeTarget "KiltCalc" */ = {
			isa = XCConfigurationList;
			buildConfigurations = (
				91E7B6ED2A0D4430004A757A /* Debug */,
				91E7B6EE2A0D4430004A757A /* Release */,
			);
			defaultConfigurationIsVisible = 0;
			defaultConfigurationName = Release;
		};
		91E7B6EF2A0D4430004A757A /* Build configuration list for PBXNativeTarget "KiltCalcTests" */ = {
			isa = XCConfigurationList;
			buildConfigurations = (
				91E7B6F02A0D4430004A757A /* Debug */,
				91E7B6F12A0D4430004A757A /* Release */,
			);
			defaultConfigurationIsVisible = 0;
			defaultConfigurationName = Release;
		};
/* End XCConfigurationList section */

/* Begin XCRemoteSwiftPackageReference section */
		9116601D2A1952A500932BD2 /* XCRemoteSwiftPackageReference "ViewInspector" */ = {
			isa = XCRemoteSwiftPackageReference;
			repositoryURL = "https://github.com/nalexn/ViewInspector";
			requirement = {
				kind = upToNextMajorVersion;
				minimumVersion = 0.9.6;
			};
		};
		91E3C5AE2A1D48D40098BAFC /* XCRemoteSwiftPackageReference "EGTest" */ = {
			isa = XCRemoteSwiftPackageReference;
			repositoryURL = "https://github.com/wwake/EGTest.git";
			requirement = {
				kind = upToNextMajorVersion;
				minimumVersion = 0.3.1;
			};
		};
/* End XCRemoteSwiftPackageReference section */

/* Begin XCSwiftPackageProductDependency section */
		9116601E2A1952A500932BD2 /* ViewInspector */ = {
			isa = XCSwiftPackageProductDependency;
			package = 9116601D2A1952A500932BD2 /* XCRemoteSwiftPackageReference "ViewInspector" */;
			productName = ViewInspector;
		};
		91E3C5AF2A1D48D40098BAFC /* EGTest */ = {
			isa = XCSwiftPackageProductDependency;
			package = 91E3C5AE2A1D48D40098BAFC /* XCRemoteSwiftPackageReference "EGTest" */;
			productName = EGTest;
		};
/* End XCSwiftPackageProductDependency section */
	};
	rootObject = 91E7B6C02A0D4428004A757A /* Project object */;
}
